<?xml version="1.0" encoding="utf-8"?>
<Project ToolsVersion="4.0" xmlns="http://schemas.microsoft.com/developer/msbuild/2003">
  <ItemGroup>
    <Filter Include="Source Files">
      <UniqueIdentifier>{cac19aa0-d68c-47f9-9f7a-a721f0338b7e}</UniqueIdentifier>
      <Extensions>cpp;c;cxx;rc;def;r;odl;idl;hpj;bat</Extensions>
    </Filter>
    <Filter Include="Header Files">
      <UniqueIdentifier>{465ccbe1-c99a-41b0-b3be-3f159d37df5e}</UniqueIdentifier>
      <Extensions>h;hpp;hxx;hm;inl</Extensions>
    </Filter>
    <Filter Include="Resource Files">
      <UniqueIdentifier>{c222d60a-910a-40e6-a3a9-b4ac34761fd8}</UniqueIdentifier>
      <Extensions>ico;cur;bmp;dlg;rc2;rct;bin;rgs;gif;jpg;jpeg;jpe</Extensions>
    </Filter>
  </ItemGroup>
  <ItemGroup>
    <ClCompile Include="AttendanceDlg.cpp">
      <Filter>Source Files</Filter>
    </ClCompile>
    <ClCompile Include="AttendanceRS.cpp">
      <Filter>Source Files</Filter>
    </ClCompile>
    <ClCompile Include="BusTripDlg.cpp">
      <Filter>Source Files</Filter>
    </ClCompile>
    <ClCompile Include="CounterRS.cpp">
      <Filter>Source Files</Filter>
    </ClCompile>
    <ClCompile Include="COWA.cpp">
      <Filter>Source Files</Filter>
    </ClCompile>
    <ClCompile Include="COWADlg.cpp">
      <Filter>Source Files</Filter>
    </ClCompile>
    <ClCompile Include="DepartmentRS.cpp">
      <Filter>Source Files</Filter>
    </ClCompile>
    <ClCompile Include="Encryption.cpp">
      <Filter>Source Files</Filter>
    </ClCompile>
    <ClCompile Include="ErrandRS.cpp">
      <Filter>Source Files</Filter>
    </ClCompile>
    <ClCompile Include="LeaveDlg.cpp">
      <Filter>Source Files</Filter>
    </ClCompile>
    <ClCompile Include="LeaveRS.cpp">
      <Filter>Source Files</Filter>
    </ClCompile>
    <ClCompile Include="LoginDlg.cpp">
      <Filter>Source Files</Filter>
    </ClCompile>
    <ClCompile Include="OvertimeDlg.cpp">
      <Filter>Source Files</Filter>
    </ClCompile>
    <ClCompile Include="OvertimeRS.cpp">
      <Filter>Source Files</Filter>
    </ClCompile>
    <ClCompile Include="PersonRS.cpp">
      <Filter>Source Files</Filter>
    </ClCompile>
    <ClCompile Include="RecordDlg.cpp">
      <Filter>Source Files</Filter>
    </ClCompile>
    <ClCompile Include="SetTimeDlg.cpp">
      <Filter>Source Files</Filter>
    </ClCompile>
    <ClCompile Include="StatisticsDlg.cpp">
      <Filter>Source Files</Filter>
    </ClCompile>
    <ClCompile Include="StatisticsRS.cpp">
      <Filter>Source Files</Filter>
    </ClCompile>
    <ClCompile Include="StdAfx.cpp">
      <Filter>Source Files</Filter>
    </ClCompile>
  </ItemGroup>
  <ItemGroup>
    <ResourceCompile Include="COWA.rc">
      <Filter>Source Files</Filter>
    </ResourceCompile>
  </ItemGroup>
  <ItemGroup>
    <ClInclude Include="AttendanceDlg.h">
      <Filter>Header Files</Filter>
    </ClInclude>
    <ClInclude Include="AttendanceRS.h">
      <Filter>Header Files</Filter>
    </ClInclude>
    <ClInclude Include="BusTripDlg.h">
      <Filter>Header Files</Filter>
    </ClInclude>
    <ClInclude Include="CounterRS.h">
      <Filter>Header Files</Filter>
    </ClInclude>
    <ClInclude Include="COWA.h">
      <Filter>Header Files</Filter>
    </ClInclude>
    <ClInclude Include="COWADlg.h">
      <Filter>Header Files</Filter>
    </ClInclude>
    <ClInclude Include="DepartmentRS.h">
      <Filter>Header Files</Filter>
    </ClInclude>
    <ClInclude Include="Encryption.h">
      <Filter>Header Files</Filter>
    </ClInclude>
    <ClInclude Include="ErrandRS.h">
      <Filter>Header Files</Filter>
    </ClInclude>
    <ClInclude Include="LeaveDlg.h">
      <Filter>Header Files</Filter>
    </ClInclude>
    <ClInclude Include="LeaveRS.h">
      <Filter>Header Files</Filter>
    </ClInclude>
    <ClInclude Include="LoginDlg.h">
      <Filter>Header Files</Filter>
    </ClInclude>
    <ClInclude Include="OvertimeDlg.h">
      <Filter>Header Files</Filter>
    </ClInclude>
    <ClInclude Include="OvertimeRS.h">
      <Filter>Header Files</Filter>
    </ClInclude>
    <ClInclude Include="PersonRS.h">
      <Filter>Header Files</Filter>
    </ClInclude>
    <ClInclude Include="RecordDlg.h">
      <Filter>Header Files</Filter>
    </ClInclude>
    <ClInclude Include="Resource.h">
      <Filter>Header Files</Filter>
    </ClInclude>
    <ClInclude Include="SetTimeDlg.h">
      <Filter>Header Files</Filter>
    </ClInclude>
    <ClInclude Include="StatisticsDlg.h">
      <Filter>Header Files</Filter>
    </ClInclude>
    <ClInclude Include="StatisticsRS.h">
      <Filter>Header Files</Filter>
    </ClInclude>
    <ClInclude Include="StdAfx.h">
      <Filter>Header Files</Filter>
    </ClInclude>
  </ItemGroup>
  <ItemGroup>
    <Image Include="res\attendance.bmp">
      <Filter>Resource Files</Filter>
    </Image>
    <Image Include="res\COWA.ico">
      <Filter>Resource Files</Filter>
    </Image>
  </ItemGroup>
  <ItemGroup>
    <Text Include="ReadMe.txt" />
  </ItemGroup>
  <ItemGroup>
    <CustomBuild Include="res\COWA.rc2">
      <Filter>Resource Files</Filter>
    </CustomBuild>
  </ItemGroup>
</Project>